
Microsoft Visual Studio Solution File, Format Version 12.00
# Visual Studio Version 16
VisualStudioVersion = 16.0.29001.49
MinimumVisualStudioVersion = 10.0.40219.1
Project("{FAE04EC0-301F-11D3-BF4B-00C04F79EFBC}") = "CssMediaQueryTest", "CssMediaQueryTest\CssMediaQueryTest.csproj", "{CBBE6F24-FF64-4D07-B989-A5442AEC6B6C}"
EndProject
Global
	GlobalSection(SolutionConfigurationPlatforms) = preSolution
		Debug|Any CPU = Debug|Any CPU
		Release|Any CPU = Release|Any CPU
	EndGlobalSection
	GlobalSection(ProjectConfigurationPlatforms) = postSolution
		{CBBE6F24-FF64-4D07-B989-A5442AEC6B6C}.Debug|Any CPU.ActiveCfg = Debug|Any CPU
		{CBBE6F24-FF64-4D07-B989-A5442AEC6B6C}.Debug|Any CPU.Build.0 = Debug|Any CPU
		{CBBE6F24-FF64-4D07-B989-A5442AEC6B6C}.Release|Any CPU.ActiveCfg = Release|Any CPU
		{CBBE6F24-FF64-4D07-B989-A5442AEC6B6C}.Release|Any CPU.Build.0 = Release|Any CPU
	EndGlobalSection
	GlobalSection(SolutionProperties) = preSolution
		HideSolutionNode = FALSE
	EndGlobalSection
	GlobalSection(ExtensibilityGlobals) = postSolution
		SolutionGuid = {A3878216-6AC2-417A-9E2D-6417CF2AD58C}
	EndGlobalSection
EndGlobal
